// !$*UTF8*$!
{
	archiveVersion = 1;
	classes = {
	};
	objectVersion = 46;
	objects = {

/* Begin PBXBuildFile section */
		5B54D9281C5BB39E00AC6548 /* AppDelegate.swift in Sources */ = {isa = PBXBuildFile; fileRef = 5B54D9271C5BB39E00AC6548 /* AppDelegate.swift */; };
		5B54D92A1C5BB39E00AC6548 /* ViewController.swift in Sources */ = {isa = PBXBuildFile; fileRef = 5B54D9291C5BB39E00AC6548 /* ViewController.swift */; };
		5B54D92D1C5BB39E00AC6548 /* Main.storyboard in Resources */ = {isa = PBXBuildFile; fileRef = 5B54D92B1C5BB39E00AC6548 /* Main.storyboard */; };
		5B54D92F1C5BB39E00AC6548 /* Assets.xcassets in Resources */ = {isa = PBXBuildFile; fileRef = 5B54D92E1C5BB39E00AC6548 /* Assets.xcassets */; };
		5B54D9321C5BB39E00AC6548 /* LaunchScreen.storyboard in Resources */ = {isa = PBXBuildFile; fileRef = 5B54D9301C5BB39E00AC6548 /* LaunchScreen.storyboard */; };
		5BFF57721C5BD9BA00EAA8B9 /* WBStatusBarHUD.bundle in Resources */ = {isa = PBXBuildFile; fileRef = 5BFF57701C5BD9BA00EAA8B9 /* WBStatusBarHUD.bundle */; };
		5BFF57731C5BD9BA00EAA8B9 /* WBStatusBarHUD.swift in Sources */ = {isa = PBXBuildFile; fileRef = 5BFF57711C5BD9BA00EAA8B9 /* WBStatusBarHUD.swift */; };
/* End PBXBuildFile section */

/* Begin PBXFileReference section */
		5B54D9241C5BB39E00AC6548 /* Demo.app */ = {isa = PBXFileReference; explicitFileType = wrapper.application; includeInIndex = 0; path = Demo.app; sourceTree = BUILT_PRODUCTS_DIR; };
		5B54D9271C5BB39E00AC6548 /* AppDelegate.swift */ = {isa = PBXFileReference; lastKnownFileType = sourcecode.swift; path = AppDelegate.swift; sourceTree = "<group>"; };
		5B54D9291C5BB39E00AC6548 /* ViewController.swift */ = {isa = PBXFileReference; lastKnownFileType = sourcecode.swift; path = ViewController.swift; sourceTree = "<group>"; };
		5B54D92C1C5BB39E00AC6548 /* Base */ = {isa = PBXFileReference; lastKnownFileType = file.storyboard; name = Base; path = Base.lproj/Main.storyboard; sourceTree = "<group>"; };
		5B54D92E1C5BB39E00AC6548 /* Assets.xcassets */ = {isa = PBXFileReference; lastKnownFileType = folder.assetcatalog; path = Assets.xcassets; sourceTree = "<group>"; };
		5B54D9311C5BB39E00AC6548 /* Base */ = {isa = PBXFileReference; lastKnownFileType = file.storyboard; name = Base; path = Base.lproj/LaunchScreen.storyboard; sourceTree = "<group>"; };
		5B54D9331C5BB39E00AC6548 /* Info.plist */ = {isa = PBXFileReference; lastKnownFileType = text.plist.xml; path = Info.plist; sourceTree = "<group>"; };
		5BFF57701C5BD9BA00EAA8B9 /* WBStatusBarHUD.bundle */ = {isa = PBXFileReference; lastKnownFileType = "wrapper.plug-in"; path = WBStatusBarHUD.bundle; sourceTree = "<group>"; };
		5BFF57711C5BD9BA00EAA8B9 /* WBStatusBarHUD.swift */ = {isa = PBXFileReference; fileEncoding = 4; lastKnownFileType = sourcecode.swift; path = WBStatusBarHUD.swift; sourceTree = "<group>"; };
/* End PBXFileReference section */

/* Begin PBXFrameworksBuildPhase section */
		5B54D9211C5BB39E00AC6548 /* Frameworks */ = {
			isa = PBXFrameworksBuildPhase;
			buildActionMask = 2147483647;
			files = (
			);
			runOnlyForDeploymentPostprocessing = 0;
		};
/* End PBXFrameworksBuildPhase section */

/* Begin PBXGroup section */
		5B54D91B1C5BB39E00AC6548 = {
			isa = PBXGroup;
			children = (
				5B54D9261C5BB39E00AC6548 /* Demo */,
				5B54D9251C5BB39E00AC6548 /* Products */,
			);
			sourceTree = "<group>";
		};
		5B54D9251C5BB39E00AC6548 /* Products */ = {
			isa = PBXGroup;
			children = (
				5B54D9241C5BB39E00AC6548 /* Demo.app */,
			);
			name = Products;
			sourceTree = "<group>";
		};
		5B54D9261C5BB39E00AC6548 /* Demo */ = {
			isa = PBXGroup;
			children = (
				5BFF576F1C5BD9BA00EAA8B9 /* WBStatusBarHUD */,
				5B54D9271C5BB39E00AC6548 /* AppDelegate.swift */,
				5B54D9291C5BB39E00AC6548 /* ViewController.swift */,
				5B54D92B1C5BB39E00AC6548 /* Main.storyboard */,
				5B54D92E1C5BB39E00AC6548 /* Assets.xcassets */,
				5B54D9301C5BB39E00AC6548 /* LaunchScreen.storyboard */,
				5B54D9331C5BB39E00AC6548 /* Info.plist */,
			);
			path = Demo;
			sourceTree = "<group>";
		};
		5BFF576F1C5BD9BA00EAA8B9 /* WBStatusBarHUD */ = {
			isa = PBXGroup;
			children = (
				5BFF57701C5BD9BA00EAA8B9 /* WBStatusBarHUD.bundle */,
				5BFF57711C5BD9BA00EAA8B9 /* WBStatusBarHUD.swift */,
			);
			path = WBStatusBarHUD;
			sourceTree = "<group>";
		};
/* End PBXGroup section */

/* Begin PBXNativeTarget section */
		5B54D9231C5BB39E00AC6548 /* Demo */ = {
			isa = PBXNativeTarget;
			buildConfigurationList = 5B54D9361C5BB39E00AC6548 /* Build configuration list for PBXNativeTarget "Demo" */;
			buildPhases = (
				5B54D9201C5BB39E00AC6548 /* Sources */,
				5B54D9211C5BB39E00AC6548 /* Frameworks */,
				5B54D9221C5BB39E00AC6548 /* Resources */,
			);
			buildRules = (
			);
			dependencies = (
			);
			name = Demo;
			productName = Demo;
			productReference = 5B54D9241C5BB39E00AC6548 /* Demo.app */;
			productType = "com.apple.product-type.application";
		};
/* End PBXNativeTarget section */

/* Begin PBXProject section */
		5B54D91C1C5BB39E00AC6548 /* Project object */ = {
			isa = PBXProject;
			attributes = {
				LastSwiftUpdateCheck = 0720;
				LastUpgradeCheck = 0720;
				ORGANIZATIONNAME = "曹文博";
				TargetAttributes = {
					5B54D9231C5BB39E00AC6548 = {
						CreatedOnToolsVersion = 7.2;
						DevelopmentTeam = U25XP23C2E;
					};
				};
			};
			buildConfigurationList = 5B54D91F1C5BB39E00AC6548 /* Build configuration list for PBXProject "Demo" */;
			compatibilityVersion = "Xcode 3.2";
			developmentRegion = English;
			hasScannedForEncodings = 0;
			knownRegions = (
				en,
				Base,
			);
			mainGroup = 5B54D91B1C5BB39E00AC6548;
			productRefGroup = 5B54D9251C5BB39E00AC6548 /* Products */;
			projectDirPath = "";
			projectRoot = "";
			targets = (
				5B54D9231C5BB39E00AC6548 /* Demo */,
			);
		};
/* End PBXProject section */

/* Begin PBXResourcesBuildPhase section */
		5B54D9221C5BB39E00AC6548 /* Resources */ = {
			isa = PBXResourcesBuildPhase;
			buildActionMask = 2147483647;
			files = (
				5BFF57721C5BD9BA00EAA8B9 /* WBStatusBarHUD.bundle in Resources */,
				5B54D9321C5BB39E00AC6548 /* LaunchScreen.storyboard in Resources */,
				5B54D92F1C5BB39E00AC6548 /* Assets.xcassets in Resources */,
				5B54D92D1C5BB39E00AC6548 /* Main.storyboard in Resources */,
			);
			runOnlyForDeploymentPostprocessing = 0;
		};
/* End PBXResourcesBuildPhase section */

/* Begin PBXSourcesBuildPhase section */
		5B54D9201C5BB39E00AC6548 /* Sources */ = {
			isa = PBXSourcesBuildPhase;
			buildActionMask = 2147483647;
			files = (
				5BFF57731C5BD9BA00EAA8B9 /* WBStatusBarHUD.swift in Sources */,
				5B54D92A1C5BB39E00AC6548 /* ViewController.swift in Sources */,
				5B54D9281C5BB39E00AC6548 /* AppDelegate.swift in Sources */,
			);
			runOnlyForDeploymentPostprocessing = 0;
		};
/* End PBXSourcesBuildPhase section */

/* Begin PBXVariantGroup section */
		5B54D92B1C5BB39E00AC6548 /* Main.storyboard */ = {
			isa = PBXVariantGroup;
			children = (
				5B54D92C1C5BB39E00AC6548 /* Base */,
			);
			name = Main.storyboard;
			sourceTree = "<group>";
		};
		5B54D9301C5BB39E00AC6548 /* LaunchScreen.storyboard */ = {
			isa = PBXVariantGroup;
			children = (
				5B54D9311C5BB39E00AC6548 /* Base */,
			);
			name = LaunchScreen.storyboard;
			sourceTree = "<group>";
		};
/* End PBXVariantGroup section */

/* Begin XCBuildConfiguration section */
		5B54D9341C5BB39E00AC6548 /* Debug */ = {
			isa = XCBuildConfiguration;
			buildSettings = {
				ALWAYS_SEARCH_USER_PATHS = NO;
				CLANG_CXX_LANGUAGE_STANDARD = "gnu++0x";
				CLANG_CXX_LIBRARY = "libc++";
				CLANG_ENABLE_MODULES = YES;
				CLANG_ENABLE_OBJC_ARC = YES;
				CLANG_WARN_BOOL_CONVERSION = YES;
				CLANG_WARN_CONSTANT_CONVERSION = YES;
				CLANG_WARN_DIRECT_OBJC_ISA_USAGE = YES_ERROR;
				CLANG_WARN_EMPTY_BODY = YES;
				CLANG_WARN_ENUM_CONVERSION = YES;
				CLANG_WARN_INT_CONVERSION = YES;
				CLANG_WARN_OBJC_ROOT_CLASS = YES_ERROR;
				CLANG_WARN_UNREACHABLE_CODE = YES;
				CLANG_WARN__DUPLICATE_METHOD_MATCH = YES;
				"CODE_SIGN_IDENTITY[sdk=iphoneos*]" = "iPhone Developer";
				COPY_PHASE_STRIP = NO;
				DEBUG_INFORMATION_FORMAT = dwarf;
				ENABLE_STRICT_OBJC_MSGSEND = YES;
				ENABLE_TESTABILITY = YES;
				GCC_C_LANGUAGE_STANDARD = gnu99;
				GCC_DYNAMIC_NO_PIC = NO;
				GCC_NO_COMMON_BLOCKS = YES;
				GCC_OPTIMIZATION_LEVEL = 0;
				GCC_PREPROCESSOR_DEFINITIONS = (
					"DEBUG=1",
					"$(inherited)",
				);
				GCC_WARN_64_TO_32_BIT_CONVERSION = YES;
				GCC_WARN_ABOUT_RETURN_TYPE = YES_ERROR;
				GCC_WARN_UNDECLARED_SELECTOR = YES;
				GCC_WARN_UNINITIALIZED_AUTOS = YES_AGGRESSIVE;
				GCC_WARN_UNUSED_FUNCTION = YES;
				GCC_WARN_UNUSED_VARIABLE = YES;
				IPHONEOS_DEPLOYMENT_TARGET = 9.2;
				MTL_ENABLE_DEBUG_INFO = YES;
				ONLY_ACTIVE_ARCH = YES;
				SDKROOT = iphoneos;
				SWIFT_OPTIMIZATION_LEVEL = "-Onone";
				TARGETED_DEVICE_FAMILY = "1,2";
			};
			name = Debug;
		};
		5B54D9351C5BB39E00AC6548 /* Release */ = {
			isa = XCBuildConfiguration;
			buildSettings = {
				ALWAYS_SEARCH_USER_PATHS = NO;
				CLANG_CXX_LANGUAGE_STANDARD = "gnu++0x";
				CLANG_CXX_LIBRARY = "libc++";
				CLANG_ENABLE_MODULES = YES;
				CLANG_ENABLE_OBJC_ARC = YES;
				CLANG_WARN_BOOL_CONVERSION = YES;
				CLANG_WARN_CONSTANT_CONVERSION = YES;
				CLANG_WARN_DIRECT_OBJC_ISA_USAGE = YES_ERROR;
				CLANG_WARN_EMPTY_BODY = YES;
				CLANG_WARN_ENUM_CONVERSION = YES;
				CLANG_WARN_INT_CONVERSION = YES;
				CLANG_WARN_OBJC_ROOT_CLASS = YES_ERROR;
				CLANG_WARN_UNREACHABLE_CODE = YES;
				CLANG_WARN__DUPLICATE_METHOD_MATCH = YES;
				"CODE_SIGN_IDENTITY[sdk=iphoneos*]" = "iPhone Developer";
				COPY_PHASE_STRIP = NO;
				DEBUG_INFORMATION_FORMAT = "dwarf-with-dsym";
				ENABLE_NS_ASSERTIONS = NO;
				ENABLE_STRICT_OBJC_MSGSEND = YES;
				GCC_C_LANGUAGE_STANDARD = gnu99;
				GCC_NO_COMMON_BLOCKS = YES;
				GCC_WARN_64_TO_32_BIT_CONVERSION = YES;
				GCC_WARN_ABOUT_RETURN_TYPE = YES_ERROR;
				GCC_WARN_UNDECLARED_SELECTOR = YES;
				GCC_WARN_UNINITIALIZED_AUTOS = YES_AGGRESSIVE;
				GCC_WARN_UNUSED_FUNCTION = YES;
				GCC_WARN_UNUSED_VARIABLE = YES;
				IPHONEOS_DEPLOYMENT_TARGET = 9.2;
				MTL_ENABLE_DEBUG_INFO = NO;
				SDKROOT = iphoneos;
				TARGETED_DEVICE_FAMILY = "1,2";
				VALIDATE_PRODUCT = YES;
			};
			name = Release;
		};
		5B54D9371C5BB39E00AC6548 /* Debug */ = {
			isa = XCBuildConfiguration;
			buildSettings = {
				ASSETCATALOG_COMPILER_APPICON_NAME = AppIcon;
				INFOPLIST_FILE = Demo/Info.plist;
				LD_RUNPATH_SEARCH_PATHS = "$(inherited) @executable_path/Frameworks";
				PRODUCT_BUNDLE_IDENTIFIER = "---.Demo";
				PRODUCT_NAME = "$(TARGET_NAME)";
			};
			name = Debug;
		};
		5B54D9381C5BB39E00AC6548 /* Release */ = {
			isa = XCBuildConfiguration;
			buildSettings = {
				ASSETCATALOG_COMPILER_APPICON_NAME = AppIcon;
				INFOPLIST_FILE = Demo/Info.plist;
				LD_RUNPATH_SEARCH_PATHS = "$(inherited) @executable_path/Frameworks";
				PRODUCT_BUNDLE_IDENTIFIER = "---.Demo";
				PRODUCT_NAME = "$(TARGET_NAME)";
			};
			name = Release;
		};
/* End XCBuildConfiguration section */

/* Begin XCConfigurationList section */
		5B54D91F1C5BB39E00AC6548 /* Build configuration list for PBXProject "Demo" */ = {
			isa = XCConfigurationList;
			buildConfigurations = (
				5B54D9341C5BB39E00AC6548 /* Debug */,
				5B54D9351C5BB39E00AC6548 /* Release */,
			);
			defaultConfigurationIsVisible = 0;
			defaultConfigurationName = Release;
		};
		5B54D9361C5BB39E00AC6548 /* Build configuration list for PBXNativeTarget "Demo" */ = {
			isa = XCConfigurationList;
			buildConfigurations = (
				5B54D9371C5BB39E00AC6548 /* Debug */,
				5B54D9381C5BB39E00AC6548 /* Release */,
			);
			defaultConfigurationIsVisible = 0;
			defaultConfigurationName = Release;
		};
/* End XCConfigurationList section */
	};
	rootObject = 5B54D91C1C5BB39E00AC6548 /* Project object */;
}
